
Microsoft Visual Studio Solution File, Format Version 12.00
# Visual Studio Version 17
VisualStudioVersion = 17.14.36310.24 d17.14
MinimumVisualStudioVersion = 10.0.40219.1
Project("{FAE04EC0-301F-11D3-BF4B-00C04F79EFBC}") = "ImageManipulation.API", "ImageManipulation.API\ImageManipulation.API.csproj", "{CA3C41BA-BF59-4004-95DE-7560FE3C9222}"
EndProject
Global
	GlobalSection(SolutionConfigurationPlatforms) = preSolution
		Debug|Any CPU = Debug|Any CPU
		Release|Any CPU = Release|Any CPU
	EndGlobalSection
	GlobalSection(ProjectConfigurationPlatforms) = postSolution
		{CA3C41BA-BF59-4004-95DE-7560FE3C9222}.Debug|Any CPU.ActiveCfg = Debug|Any CPU
		{CA3C41BA-BF59-4004-95DE-7560FE3C9222}.Debug|Any CPU.Build.0 = Debug|Any CPU
		{CA3C41BA-BF59-4004-95DE-7560FE3C9222}.Release|Any CPU.ActiveCfg = Release|Any CPU
		{CA3C41BA-BF59-4004-95DE-7560FE3C9222}.Release|Any CPU.Build.0 = Release|Any CPU
	EndGlobalSection
	GlobalSection(SolutionProperties) = preSolution
		HideSolutionNode = FALSE
	EndGlobalSection
	GlobalSection(ExtensibilityGlobals) = postSolution
		SolutionGuid = {9F3941C3-5713-4C2F-9DDF-35CA53ED80BE}
	EndGlobalSection
EndGlobal
